
Microsoft Visual Studio Solution File, Format Version 12.00
# Visual Studio Version 17
VisualStudioVersion = 17.0.32126.317
MinimumVisualStudioVersion = 10.0.40219.1
Project("{FAE04EC0-301F-11D3-BF4B-00C04F79EFBC}") = "flop.net", "flop.net\flop.net.csproj", "{82A310BB-66CC-4A40-BF59-AA2133782CB2}"
EndProject
Global
	GlobalSection(SolutionConfigurationPlatforms) = preSolution
		Debug|Any CPU = Debug|Any CPU
		Release|Any CPU = Release|Any CPU
	EndGlobalSection
	GlobalSection(ProjectConfigurationPlatforms) = postSolution
		{82A310BB-66CC-4A40-BF59-AA2133782CB2}.Debug|Any CPU.ActiveCfg = Debug|Any CPU
		{82A310BB-66CC-4A40-BF59-AA2133782CB2}.Debug|Any CPU.Build.0 = Debug|Any CPU
		{82A310BB-66CC-4A40-BF59-AA2133782CB2}.Release|Any CPU.ActiveCfg = Release|Any CPU
		{82A310BB-66CC-4A40-BF59-AA2133782CB2}.Release|Any CPU.Build.0 = Release|Any CPU
	EndGlobalSection
	GlobalSection(SolutionProperties) = preSolution
		HideSolutionNode = FALSE
	EndGlobalSection
	GlobalSection(ExtensibilityGlobals) = postSolution
		SolutionGuid = {5A055C75-586E-4375-BB3C-520742785E45}
	EndGlobalSection
EndGlobal
